
Microsoft Visual Studio Solution File, Format Version 12.00
# Visual Studio Version 16
VisualStudioVersion = 16.0.33927.289
MinimumVisualStudioVersion = 10.0.40219.1
Project("{2150E333-8FDC-42A3-9474-1A3956D46DE8}") = "TaskReview", "TaskReview", "{5DD6DF2D-1D93-4499-8071-72005B82475A}"
EndProject
Project("{FAE04EC0-301F-11D3-BF4B-00C04F79EFBC}") = "Tyuiu.PimenovaTS.Sprint4.TaskReview.V1", "Tyuiu.PimenovaTS.Sprint4.TaskReview.V1\Tyuiu.PimenovaTS.Sprint4.TaskReview.V1.csproj", "{D2C1A4B0-800D-4D58-84DC-74682D641AD2}"
EndProject
Project("{FAE04EC0-301F-11D3-BF4B-00C04F79EFBC}") = "Tyuiu.PimenovaTS.Sprint4.TaskReview.V1.Lib", "Tyuiu.PimenovaTS.Sprint4.TaskReview.V1.Lib\Tyuiu.PimenovaTS.Sprint4.TaskReview.V1.Lib.csproj", "{F6EBF99D-CB94-46C3-A569-4EC3D1CDB99B}"
EndProject
Project("{FAE04EC0-301F-11D3-BF4B-00C04F79EFBC}") = "Tyuiu.PimenovaTS.Sprint4.TaskReview.V1.Test", "Tyuiu.PimenovaTS.Sprint4.TaskReview.V1.Test\Tyuiu.PimenovaTS.Sprint4.TaskReview.V1.Test.csproj", "{66D54779-5D5D-4394-8FEB-F115CA522F2A}"
EndProject
Global
	GlobalSection(SolutionConfigurationPlatforms) = preSolution
		Debug|Any CPU = Debug|Any CPU
		Release|Any CPU = Release|Any CPU
	EndGlobalSection
	GlobalSection(ProjectConfigurationPlatforms) = postSolution
		{D2C1A4B0-800D-4D58-84DC-74682D641AD2}.Debug|Any CPU.ActiveCfg = Debug|Any CPU
		{D2C1A4B0-800D-4D58-84DC-74682D641AD2}.Debug|Any CPU.Build.0 = Debug|Any CPU
		{D2C1A4B0-800D-4D58-84DC-74682D641AD2}.Release|Any CPU.ActiveCfg = Release|Any CPU
		{D2C1A4B0-800D-4D58-84DC-74682D641AD2}.Release|Any CPU.Build.0 = Release|Any CPU
		{F6EBF99D-CB94-46C3-A569-4EC3D1CDB99B}.Debug|Any CPU.ActiveCfg = Debug|Any CPU
		{F6EBF99D-CB94-46C3-A569-4EC3D1CDB99B}.Debug|Any CPU.Build.0 = Debug|Any CPU
		{F6EBF99D-CB94-46C3-A569-4EC3D1CDB99B}.Release|Any CPU.ActiveCfg = Release|Any CPU
		{F6EBF99D-CB94-46C3-A569-4EC3D1CDB99B}.Release|Any CPU.Build.0 = Release|Any CPU
		{66D54779-5D5D-4394-8FEB-F115CA522F2A}.Debug|Any CPU.ActiveCfg = Debug|Any CPU
		{66D54779-5D5D-4394-8FEB-F115CA522F2A}.Debug|Any CPU.Build.0 = Debug|Any CPU
		{66D54779-5D5D-4394-8FEB-F115CA522F2A}.Release|Any CPU.ActiveCfg = Release|Any CPU
		{66D54779-5D5D-4394-8FEB-F115CA522F2A}.Release|Any CPU.Build.0 = Release|Any CPU
	EndGlobalSection
	GlobalSection(SolutionProperties) = preSolution
		HideSolutionNode = FALSE
	EndGlobalSection
	GlobalSection(NestedProjects) = preSolution
		{D2C1A4B0-800D-4D58-84DC-74682D641AD2} = {5DD6DF2D-1D93-4499-8071-72005B82475A}
		{F6EBF99D-CB94-46C3-A569-4EC3D1CDB99B} = {5DD6DF2D-1D93-4499-8071-72005B82475A}
		{66D54779-5D5D-4394-8FEB-F115CA522F2A} = {5DD6DF2D-1D93-4499-8071-72005B82475A}
	EndGlobalSection
	GlobalSection(ExtensibilityGlobals) = postSolution
		SolutionGuid = {9C8327B0-7534-4E27-8F27-151D0CEE32CC}
	EndGlobalSection
EndGlobal
